
Microsoft Visual Studio Solution File, Format Version 12.00
# Visual Studio Version 16
VisualStudioVersion = 16.0.31515.178
MinimumVisualStudioVersion = 10.0.40219.1
Project("{FAE04EC0-301F-11D3-BF4B-00C04F79EFBC}") = "HexRPG", "HexRPG\HexRPG.csproj", "{18CCF9B7-4A90-4F9A-8A3F-DE1B479DDCDD}"
EndProject
Global
	GlobalSection(SolutionConfigurationPlatforms) = preSolution
		Debug|Any CPU = Debug|Any CPU
		Release|Any CPU = Release|Any CPU
	EndGlobalSection
	GlobalSection(ProjectConfigurationPlatforms) = postSolution
		{18CCF9B7-4A90-4F9A-8A3F-DE1B479DDCDD}.Debug|Any CPU.ActiveCfg = Debug|Any CPU
		{18CCF9B7-4A90-4F9A-8A3F-DE1B479DDCDD}.Debug|Any CPU.Build.0 = Debug|Any CPU
		{18CCF9B7-4A90-4F9A-8A3F-DE1B479DDCDD}.Release|Any CPU.ActiveCfg = Release|Any CPU
		{18CCF9B7-4A90-4F9A-8A3F-DE1B479DDCDD}.Release|Any CPU.Build.0 = Release|Any CPU
	EndGlobalSection
	GlobalSection(SolutionProperties) = preSolution
		HideSolutionNode = FALSE
	EndGlobalSection
	GlobalSection(ExtensibilityGlobals) = postSolution
		SolutionGuid = {DE5054A4-6EDB-4096-90E2-86B897744E71}
	EndGlobalSection
EndGlobal
